{
	"name": "nekostore-basic-driver",
	"version": "0.0.0",
	"lockfileVersion": 1,
	"requires": true,
	"dependencies": {
		"mingo": {
			"version": "2.3.5",
			"resolved": "https://registry.npmjs.org/mingo/-/mingo-2.3.5.tgz",
			"integrity": "sha512-4pxrOnIhWTPBSlF3Pv53wPwbIm3tDOFjZ+yb7L6TM2+46Mwll+OoQoDXt7ZpxfAO36UQNDq0mgn/fo4BWPCj+g=="
		},
		"typescript": {
			"version": "3.5.3",
			"resolved": "https://registry.npmjs.org/typescript/-/typescript-3.5.3.tgz",
			"integrity": "sha512-ACzBtm/PhXBDId6a6sDJfroT2pOWt/oOnk4/dElG5G33ZL776N3Y6/6bKZJBFpd+b05F3Ct9qDjMeJmRWtE2/g==",
			"dev": true
		},
		"uuid": {
			"version": "3.3.3",
			"resolved": "https://registry.npmjs.org/uuid/-/uuid-3.3.3.tgz",
			"integrity": "sha512-pW0No1RGHgzlpHJO1nsVrHKpOEIxkGg1xB+v0ZmdNH5OAeAwzAVrCnI2/6Mtx+Uys6iaylxa+D3g4j63IKKjSQ=="
		}
	}
}
