{
	"name": "nekostore-driver-localforage",
	"version": "0.0.0",
	"lockfileVersion": 1,
	"requires": true,
	"dependencies": {
		"@types/node": {
			"version": "12.7.2",
			"resolved": "https://registry.npmjs.org/@types/node/-/node-12.7.2.tgz",
			"integrity": "sha512-dyYO+f6ihZEtNPDcWNR1fkoTDf3zAK3lAABDze3mz6POyIercH0lEUawUFXlG8xaQZmm1yEBON/4TsYv/laDYg==",
			"dev": true
		},
		"@types/uuid": {
			"version": "3.4.5",
			"resolved": "https://registry.npmjs.org/@types/uuid/-/uuid-3.4.5.tgz",
			"integrity": "sha512-MNL15wC3EKyw1VLF+RoVO4hJJdk9t/Hlv3rt1OL65Qvuadm4BYo6g9ZJQqoq7X8NBFSsQXgAujWciovh2lpVjA==",
			"dev": true,
			"requires": {
				"@types/node": "*"
			}
		},
		"immediate": {
			"version": "3.0.6",
			"resolved": "https://registry.npmjs.org/immediate/-/immediate-3.0.6.tgz",
			"integrity": "sha1-nbHb0Pr43m++D13V5Wu2BigN5ps="
		},
		"lie": {
			"version": "3.1.1",
			"resolved": "https://registry.npmjs.org/lie/-/lie-3.1.1.tgz",
			"integrity": "sha1-mkNrLMd0bKWd56QfpGmz77dr2H4=",
			"requires": {
				"immediate": "~3.0.5"
			}
		},
		"localforage": {
			"version": "1.7.3",
			"resolved": "https://registry.npmjs.org/localforage/-/localforage-1.7.3.tgz",
			"integrity": "sha512-1TulyYfc4udS7ECSBT2vwJksWbkwwTX8BzeUIiq8Y07Riy7bDAAnxDaPU/tWyOVmQAcWJIEIFP9lPfBGqVoPgQ==",
			"requires": {
				"lie": "3.1.1"
			}
		},
		"localforage-driver-commons": {
			"version": "1.0.3",
			"resolved": "https://registry.npmjs.org/localforage-driver-commons/-/localforage-driver-commons-1.0.3.tgz",
			"integrity": "sha512-K9PiNNXcyX98lQVyCADjv+QKxFD71y0DtVUhqMjwCkFY/d/g7GdJLPN9U92M7RUvfkL8mzPhC+mWEKo9tur5oQ==",
			"dev": true
		},
		"localforage-driver-memory": {
			"version": "1.0.5",
			"resolved": "https://registry.npmjs.org/localforage-driver-memory/-/localforage-driver-memory-1.0.5.tgz",
			"integrity": "sha512-m4v478ixdT3hA7gKv+pAxDIWgMKiUV2GuYem5jnpOBQFVJbrHU7jmNlrj8a0MfD9qff3i48E3Yfip5Eu1AN6Qg==",
			"dev": true,
			"requires": {
				"localforage-driver-commons": "^1.0.1",
				"tslib": "^1.6.0"
			}
		},
		"localforage-find": {
			"version": "2.0.1",
			"resolved": "https://registry.npmjs.org/localforage-find/-/localforage-find-2.0.1.tgz",
			"integrity": "sha512-jJFHIK31iutGSltIk/3YkzvVJodbU6pOO/PbsnAqUv5pOZpSc9gWV9TUEEfgezfrGAPcmWn821S9QdsWazuIIg=="
		},
		"tslib": {
			"version": "1.10.0",
			"resolved": "https://registry.npmjs.org/tslib/-/tslib-1.10.0.tgz",
			"integrity": "sha512-qOebF53frne81cf0S9B41ByenJ3/IuH8yJKngAX35CmiZySA0khhkovshKK+jGCaMnVomla7gVlIcc3EvKPbTQ==",
			"dev": true
		},
		"typescript": {
			"version": "3.5.3",
			"resolved": "https://registry.npmjs.org/typescript/-/typescript-3.5.3.tgz",
			"integrity": "sha512-ACzBtm/PhXBDId6a6sDJfroT2pOWt/oOnk4/dElG5G33ZL776N3Y6/6bKZJBFpd+b05F3Ct9qDjMeJmRWtE2/g==",
			"dev": true
		},
		"uuid": {
			"version": "3.3.3",
			"resolved": "https://registry.npmjs.org/uuid/-/uuid-3.3.3.tgz",
			"integrity": "sha512-pW0No1RGHgzlpHJO1nsVrHKpOEIxkGg1xB+v0ZmdNH5OAeAwzAVrCnI2/6Mtx+Uys6iaylxa+D3g4j63IKKjSQ=="
		}
	}
}
